
Microsoft Visual Studio Solution File, Format Version 12.00
# Visual Studio Version 16
VisualStudioVersion = 16.0.30330.147
MinimumVisualStudioVersion = 10.0.40219.1
Project("{FAE04EC0-301F-11D3-BF4B-00C04F79EFBC}") = "DefaultWebform", "DefaultWebform\DefaultWebform.csproj", "{8E7DECB8-66CD-4FA3-A2D7-4EAA8DD127CD}"
EndProject
Global
	GlobalSection(SolutionConfigurationPlatforms) = preSolution
		Debug|Any CPU = Debug|Any CPU
		Release|Any CPU = Release|Any CPU
	EndGlobalSection
	GlobalSection(ProjectConfigurationPlatforms) = postSolution
		{8E7DECB8-66CD-4FA3-A2D7-4EAA8DD127CD}.Debug|Any CPU.ActiveCfg = Debug|Any CPU
		{8E7DECB8-66CD-4FA3-A2D7-4EAA8DD127CD}.Debug|Any CPU.Build.0 = Debug|Any CPU
		{8E7DECB8-66CD-4FA3-A2D7-4EAA8DD127CD}.Release|Any CPU.ActiveCfg = Release|Any CPU
		{8E7DECB8-66CD-4FA3-A2D7-4EAA8DD127CD}.Release|Any CPU.Build.0 = Release|Any CPU
	EndGlobalSection
	GlobalSection(SolutionProperties) = preSolution
		HideSolutionNode = FALSE
	EndGlobalSection
	GlobalSection(ExtensibilityGlobals) = postSolution
		SolutionGuid = {143F8FF2-F87F-4D7F-A068-B6FFC37694EF}
	EndGlobalSection
EndGlobal
